
Microsoft Visual Studio Solution File, Format Version 12.00
# Visual Studio Version 17
VisualStudioVersion = 17.14.36017.23 d17.14
MinimumVisualStudioVersion = 10.0.40219.1
Project("{FAE04EC0-301F-11D3-BF4B-00C04F79EFBC}") = "TravelEase2", "TravelEase2\TravelEase2.csproj", "{93AE9B42-6C77-4FFB-939D-CECC09A83536}"
EndProject
Global
	GlobalSection(SolutionConfigurationPlatforms) = preSolution
		Debug|Any CPU = Debug|Any CPU
		Release|Any CPU = Release|Any CPU
	EndGlobalSection
	GlobalSection(ProjectConfigurationPlatforms) = postSolution
		{93AE9B42-6C77-4FFB-939D-CECC09A83536}.Debug|Any CPU.ActiveCfg = Debug|Any CPU
		{93AE9B42-6C77-4FFB-939D-CECC09A83536}.Debug|Any CPU.Build.0 = Debug|Any CPU
		{93AE9B42-6C77-4FFB-939D-CECC09A83536}.Release|Any CPU.ActiveCfg = Release|Any CPU
		{93AE9B42-6C77-4FFB-939D-CECC09A83536}.Release|Any CPU.Build.0 = Release|Any CPU
	EndGlobalSection
	GlobalSection(SolutionProperties) = preSolution
		HideSolutionNode = FALSE
	EndGlobalSection
	GlobalSection(ExtensibilityGlobals) = postSolution
		SolutionGuid = {0A394421-477F-4023-A268-2DBAA4DD7EF1}
	EndGlobalSection
EndGlobal
