
Microsoft Visual Studio Solution File, Format Version 12.00
# Visual Studio Version 17
VisualStudioVersion = 17.14.36017.23 d17.14
MinimumVisualStudioVersion = 10.0.40219.1
Project("{FAE04EC0-301F-11D3-BF4B-00C04F79EFBC}") = "TravelEase1", "TravelEase1\TravelEase1.csproj", "{FE6DB5FF-A732-422F-ACEE-B16C7531FFFA}"
EndProject
Global
	GlobalSection(SolutionConfigurationPlatforms) = preSolution
		Debug|Any CPU = Debug|Any CPU
		Release|Any CPU = Release|Any CPU
	EndGlobalSection
	GlobalSection(ProjectConfigurationPlatforms) = postSolution
		{FE6DB5FF-A732-422F-ACEE-B16C7531FFFA}.Debug|Any CPU.ActiveCfg = Debug|Any CPU
		{FE6DB5FF-A732-422F-ACEE-B16C7531FFFA}.Debug|Any CPU.Build.0 = Debug|Any CPU
		{FE6DB5FF-A732-422F-ACEE-B16C7531FFFA}.Release|Any CPU.ActiveCfg = Release|Any CPU
		{FE6DB5FF-A732-422F-ACEE-B16C7531FFFA}.Release|Any CPU.Build.0 = Release|Any CPU
	EndGlobalSection
	GlobalSection(SolutionProperties) = preSolution
		HideSolutionNode = FALSE
	EndGlobalSection
	GlobalSection(ExtensibilityGlobals) = postSolution
		SolutionGuid = {9B296889-A3A9-4811-AA29-A023731C75E1}
	EndGlobalSection
EndGlobal
